{
  "name": "TikTokManga",
  "lockfileVersion": 3,
  "requires": true,
  "packages": {
    "": {
      "dependencies": {
        "mangadex-full-api": "^5.12.1"
      }
    },
    "node_modules/mangadex-full-api": {
      "version": "5.12.1",
      "resolved": "https://registry.npmjs.org/mangadex-full-api/-/mangadex-full-api-5.12.1.tgz",
      "integrity": "sha512-YxkAzHCd9webTo6W7pUlwXEMq+g3PUmgP0IPKFs8no9T5WcenE4VxtvoIAAPiDYa6bgHRljGnCNq28Yhl2c0dA==",
      "engines": {
        "node": ">=12.0.0"
      }
    }
  }
}
